
Microsoft Visual Studio Solution File, Format Version 12.00
Project("{FAE04EC0-301F-11D3-BF4B-00C04F79EFBC}") = "QaseTestProject", "QaseTestProject\QaseTestProject.csproj", "{5336D2A4-9A67-44C6-A420-35264B6F1C0C}"
EndProject
Global
	GlobalSection(SolutionConfigurationPlatforms) = preSolution
		Debug|Any CPU = Debug|Any CPU
		Release|Any CPU = Release|Any CPU
	EndGlobalSection
	GlobalSection(ProjectConfigurationPlatforms) = postSolution
		{5336D2A4-9A67-44C6-A420-35264B6F1C0C}.Debug|Any CPU.ActiveCfg = Debug|Any CPU
		{5336D2A4-9A67-44C6-A420-35264B6F1C0C}.Debug|Any CPU.Build.0 = Debug|Any CPU
		{5336D2A4-9A67-44C6-A420-35264B6F1C0C}.Release|Any CPU.ActiveCfg = Release|Any CPU
		{5336D2A4-9A67-44C6-A420-35264B6F1C0C}.Release|Any CPU.Build.0 = Release|Any CPU
	EndGlobalSection
EndGlobal
